<?xml version="1.0" encoding="utf-8"?>
<Project ToolsVersion="4.0" xmlns="http://schemas.microsoft.com/developer/msbuild/2003">
  <ItemGroup>
    <Filter Include="소스 파일">
      <UniqueIdentifier>{4FC737F1-C7A5-4376-A066-2A32D752A2FF}</UniqueIdentifier>
      <Extensions>cpp;c;cc;cxx;c++;cppm;ixx;def;odl;idl;hpj;bat;asm;asmx</Extensions>
    </Filter>
    <Filter Include="헤더 파일">
      <UniqueIdentifier>{93995380-89BD-4b04-88EB-625FBE52EBFB}</UniqueIdentifier>
      <Extensions>h;hh;hpp;hxx;h++;hm;inl;inc;ipp;xsd</Extensions>
    </Filter>
    <Filter Include="리소스 파일">
      <UniqueIdentifier>{67DA6AB6-F800-4c08-8B7A-83BB121AAD01}</UniqueIdentifier>
      <Extensions>rc;ico;cur;bmp;dlg;rc2;rct;bin;rgs;gif;jpg;jpeg;jpe;resx;tiff;tif;png;wav;mfcribbon-ms</Extensions>
    </Filter>
    <Filter Include="헤더 파일\entity">
      <UniqueIdentifier>{4ef9078e-55ee-4d89-aced-0b014ac0a033}</UniqueIdentifier>
    </Filter>
    <Filter Include="헤더 파일\combat">
      <UniqueIdentifier>{f5c7c945-ad73-4c27-a6f7-58b19cf48b8d}</UniqueIdentifier>
    </Filter>
    <Filter Include="헤더 파일\data">
      <UniqueIdentifier>{aa85116b-36f8-44b3-9641-e47b4cee8331}</UniqueIdentifier>
    </Filter>
    <Filter Include="헤더 파일\core">
      <UniqueIdentifier>{69c2f65c-f67c-412d-915b-2bbf168a982c}</UniqueIdentifier>
    </Filter>
    <Filter Include="헤더 파일\map">
      <UniqueIdentifier>{0b5061d3-14ba-4215-a9d5-de61218766f7}</UniqueIdentifier>
    </Filter>
    <Filter Include="헤더 파일\ui">
      <UniqueIdentifier>{26b4edd7-1792-4b4b-9f35-e5d1f06b53cc}</UniqueIdentifier>
    </Filter>
    <Filter Include="헤더 파일\save">
      <UniqueIdentifier>{7f03b592-efa6-4a37-bbe0-d688afa75cf5}</UniqueIdentifier>
    </Filter>
    <Filter Include="헤더 파일\input">
      <UniqueIdentifier>{cf721f2d-6bdc-4c1c-949e-32ff56118efc}</UniqueIdentifier>
    </Filter>
  </ItemGroup>
  <ItemGroup>
    <ClCompile Include="src\core\GameManager.cpp">
      <Filter>소스 파일</Filter>
    </ClCompile>
    <ClCompile Include="src\core\TitleState.cpp">
      <Filter>소스 파일</Filter>
    </ClCompile>
    <ClCompile Include="main.cpp">
      <Filter>소스 파일</Filter>
    </ClCompile>
    <ClCompile Include="src\entity\Entity.cpp">
      <Filter>소스 파일</Filter>
    </ClCompile>
    <ClCompile Include="src\entity\Player.cpp">
      <Filter>소스 파일</Filter>
    </ClCompile>
    <ClCompile Include="src\entity\Monster.cpp">
      <Filter>소스 파일</Filter>
    </ClCompile>
    <ClCompile Include="src\entity\Boss.cpp">
      <Filter>소스 파일</Filter>
    </ClCompile>
    <ClCompile Include="src\data\DataManager.cpp">
      <Filter>소스 파일</Filter>
    </ClCompile>
    <ClCompile Include="src\entity\Item.cpp">
      <Filter>소스 파일</Filter>
    </ClCompile>
    <ClCompile Include="src\map\Map.cpp">
      <Filter>소스 파일</Filter>
    </ClCompile>
    <ClCompile Include="src\core\ExploreState.cpp">
      <Filter>소스 파일</Filter>
    </ClCompile>
    <ClCompile Include="src\ui\UIRenderer.cpp">
      <Filter>소스 파일</Filter>
    </ClCompile>
    <ClCompile Include="src\combat\CombatSystem.cpp">
      <Filter>소스 파일</Filter>
    </ClCompile>
    <ClCompile Include="src\core\CombatState.cpp">
      <Filter>소스 파일</Filter>
    </ClCompile>
    <ClCompile Include="src\core\PrologueState.cpp">
      <Filter>소스 파일</Filter>
    </ClCompile>
    <ClCompile Include="src\core\GameOverState.cpp">
      <Filter>소스 파일</Filter>
    </ClCompile>
  </ItemGroup>
  <ItemGroup>
    <ClInclude Include="src\entity\Boss.h">
      <Filter>헤더 파일\entity</Filter>
    </ClInclude>
    <ClInclude Include="src\combat\CombatResult.h">
      <Filter>헤더 파일\combat</Filter>
    </ClInclude>
    <ClInclude Include="src\combat\CombatSystem.h">
      <Filter>헤더 파일\combat</Filter>
    </ClInclude>
    <ClInclude Include="src\combat\DefendCommand.h">
      <Filter>헤더 파일\combat</Filter>
    </ClInclude>
    <ClInclude Include="src\combat\FleeCommand.h">
      <Filter>헤더 파일\combat</Filter>
    </ClInclude>
    <ClInclude Include="src\combat\GumniCommand.h">
      <Filter>헤더 파일\combat</Filter>
    </ClInclude>
    <ClInclude Include="src\entity\JeokgapsinBoss.h">
      <Filter>헤더 파일\combat</Filter>
    </ClInclude>
    <ClInclude Include="src\entity\JeokkwiBoss.h">
      <Filter>헤더 파일\combat</Filter>
    </ClInclude>
    <ClInclude Include="src\combat\MonsterAtkCommand.h">
      <Filter>헤더 파일\combat</Filter>
    </ClInclude>
    <ClInclude Include="src\combat\MulmaruCommand.h">
      <Filter>헤더 파일\combat</Filter>
    </ClInclude>
    <ClInclude Include="src\combat\MusukiCommand.h">
      <Filter>헤더 파일\combat</Filter>
    </ClInclude>
    <ClInclude Include="src\combat\NeoulCommand.h">
      <Filter>헤더 파일\combat</Filter>
    </ClInclude>
    <ClInclude Include="src\combat\NuigyeolCommand.h">
      <Filter>헤더 파일\combat</Filter>
    </ClInclude>
    <ClInclude Include="src\combat\SkillCommand.h">
      <Filter>헤더 파일\combat</Filter>
    </ClInclude>
    <ClInclude Include="src\combat\SkillCommandFactory.h">
      <Filter>헤더 파일\combat</Filter>
    </ClInclude>
    <ClInclude Include="src\combat\SoroksorokCommand.h">
      <Filter>헤더 파일\combat</Filter>
    </ClInclude>
    <ClInclude Include="src\combat\SkillType.h">
      <Filter>헤더 파일\combat</Filter>
    </ClInclude>
    <ClInclude Include="src\entity\Entity.h">
      <Filter>헤더 파일\entity</Filter>
    </ClInclude>
    <ClInclude Include="src\entity\Item.h">
      <Filter>헤더 파일\entity</Filter>
    </ClInclude>
    <ClInclude Include="src\entity\ItemEffect.h">
      <Filter>헤더 파일\entity</Filter>
    </ClInclude>
    <ClInclude Include="src\entity\Monster.h">
      <Filter>헤더 파일\entity</Filter>
    </ClInclude>
    <ClInclude Include="src\combat\MonsterEffect.h">
      <Filter>헤더 파일\entity</Filter>
    </ClInclude>
    <ClInclude Include="src\entity\Player.h">
      <Filter>헤더 파일\entity</Filter>
    </ClInclude>
    <ClInclude Include="src\data\DataManager.h">
      <Filter>헤더 파일\data</Filter>
    </ClInclude>
    <ClInclude Include="src\data\DataTypes.h">
      <Filter>헤더 파일\data</Filter>
    </ClInclude>
    <ClInclude Include="src\core\GameManager.h">
      <Filter>헤더 파일\core</Filter>
    </ClInclude>
    <ClInclude Include="src\core\GameState.h">
      <Filter>헤더 파일\core</Filter>
    </ClInclude>
    <ClInclude Include="src\entity\IDamageable.h">
      <Filter>헤더 파일\entity</Filter>
    </ClInclude>
    <ClInclude Include="src\map\Map.h">
      <Filter>헤더 파일\map</Filter>
    </ClInclude>
    <ClInclude Include="src\map\Room.h">
      <Filter>헤더 파일\map</Filter>
    </ClInclude>
    <ClInclude Include="src\map\RoomType.h">
      <Filter>헤더 파일\map</Filter>
    </ClInclude>
    <ClInclude Include="src\core\ExploreState.h">
      <Filter>헤더 파일\core</Filter>
    </ClInclude>
    <ClInclude Include="src\core\TitleState.h">
      <Filter>헤더 파일\core</Filter>
    </ClInclude>
    <ClInclude Include="src\map\Direction.h">
      <Filter>헤더 파일\map</Filter>
    </ClInclude>
    <ClInclude Include="src\ui\UIRenderer.h">
      <Filter>헤더 파일\ui</Filter>
    </ClInclude>
    <ClInclude Include="src\core\CombatState.h">
      <Filter>헤더 파일\core</Filter>
    </ClInclude>
    <ClInclude Include="src\save\SaveManager.h">
      <Filter>헤더 파일\save</Filter>
    </ClInclude>
    <ClInclude Include="src\input\InputHandler.h">
      <Filter>헤더 파일\input</Filter>
    </ClInclude>
    <ClInclude Include="src\ui\LogLine.h">
      <Filter>헤더 파일\ui</Filter>
    </ClInclude>
    <ClInclude Include="src\combat\PlayerCommand.h">
      <Filter>헤더 파일\combat</Filter>
    </ClInclude>
    <ClInclude Include="src\combat\MonsterCommand.h">
      <Filter>헤더 파일\combat</Filter>
    </ClInclude>
    <ClInclude Include="src\combat\MonsterFactory.h">
      <Filter>헤더 파일\combat</Filter>
    </ClInclude>
    <ClInclude Include="src\core\PrologueState.h">
      <Filter>헤더 파일\core</Filter>
    </ClInclude>
    <ClInclude Include="src\core\GameOverState.h">
      <Filter>헤더 파일\core</Filter>
    </ClInclude>
  </ItemGroup>
  <ItemGroup>
    <None Include="data\items.json">
      <Filter>리소스 파일</Filter>
    </None>
    <None Include="data\maps.json">
      <Filter>리소스 파일</Filter>
    </None>
    <None Include="data\monsters.json">
      <Filter>리소스 파일</Filter>
    </None>
    <None Include="data\skills.json">
      <Filter>리소스 파일</Filter>
    </None>
  </ItemGroup>
</Project>